
Microsoft Visual Studio Solution File, Format Version 12.00
# Visual Studio Version 16
VisualStudioVersion = 16.0.29409.12
MinimumVisualStudioVersion = 10.0.40219.1
Project("{FAE04EC0-301F-11D3-BF4B-00C04F79EFBC}") = "Asistencia", "Asistencia\Asistencia.csproj", "{00CA1494-1573-4DBE-8097-59BC2AF2B43D}"
EndProject
Project("{FAE04EC0-301F-11D3-BF4B-00C04F79EFBC}") = "Asistencia.Tests", "Asistencia.Tests\Asistencia.Tests.csproj", "{B86F4FBD-9324-4D97-8EDF-614C24C5211E}"
EndProject
Global
	GlobalSection(SolutionConfigurationPlatforms) = preSolution
		Debug|Any CPU = Debug|Any CPU
		Release|Any CPU = Release|Any CPU
	EndGlobalSection
	GlobalSection(ProjectConfigurationPlatforms) = postSolution
		{00CA1494-1573-4DBE-8097-59BC2AF2B43D}.Debug|Any CPU.ActiveCfg = Debug|Any CPU
		{00CA1494-1573-4DBE-8097-59BC2AF2B43D}.Debug|Any CPU.Build.0 = Debug|Any CPU
		{00CA1494-1573-4DBE-8097-59BC2AF2B43D}.Release|Any CPU.ActiveCfg = Release|Any CPU
		{00CA1494-1573-4DBE-8097-59BC2AF2B43D}.Release|Any CPU.Build.0 = Release|Any CPU
		{B86F4FBD-9324-4D97-8EDF-614C24C5211E}.Debug|Any CPU.ActiveCfg = Debug|Any CPU
		{B86F4FBD-9324-4D97-8EDF-614C24C5211E}.Debug|Any CPU.Build.0 = Debug|Any CPU
		{B86F4FBD-9324-4D97-8EDF-614C24C5211E}.Release|Any CPU.ActiveCfg = Release|Any CPU
		{B86F4FBD-9324-4D97-8EDF-614C24C5211E}.Release|Any CPU.Build.0 = Release|Any CPU
	EndGlobalSection
	GlobalSection(SolutionProperties) = preSolution
		HideSolutionNode = FALSE
	EndGlobalSection
	GlobalSection(ExtensibilityGlobals) = postSolution
		SolutionGuid = {8FCE5DDD-7266-4232-96C7-2580759FE8BD}
	EndGlobalSection
EndGlobal
